// !$*UTF8*$!
{
	archiveVersion = 1;
	classes = {
	};
	objectVersion = 46;
	objects = {

/* Begin PBXBuildFile section */
		680E7CB81AE3E56900DFD06B /* uxPrintStatement.swift in Sources */ = {isa = PBXBuildFile; fileRef = 680E7CB71AE3E56900DFD06B /* uxPrintStatement.swift */; };
		680E7CBC1AE3FC2D00DFD06B /* uxRememberSetStatement.swift in Sources */ = {isa = PBXBuildFile; fileRef = 680E7CBB1AE3FC2D00DFD06B /* uxRememberSetStatement.swift */; };
		680E7CBE1AE4048100DFD06B /* MathExpVC.swift in Sources */ = {isa = PBXBuildFile; fileRef = 680E7CBD1AE4048100DFD06B /* MathExpVC.swift */; };
		680E7CC01AE4076000DFD06B /* uxMathExpression.swift in Sources */ = {isa = PBXBuildFile; fileRef = 680E7CBF1AE4076000DFD06B /* uxMathExpression.swift */; };
		68235F311B011FD600DB4F21 /* BooleanExpVC.swift in Sources */ = {isa = PBXBuildFile; fileRef = 68235F301B011FD600DB4F21 /* BooleanExpVC.swift */; };
		68235F331B0122ED00DB4F21 /* uxBooleanExpression.swift in Sources */ = {isa = PBXBuildFile; fileRef = 68235F321B0122ED00DB4F21 /* uxBooleanExpression.swift */; };
		683187C11AE2C95F0065AE21 /* AppDelegate.swift in Sources */ = {isa = PBXBuildFile; fileRef = 683187C01AE2C95F0065AE21 /* AppDelegate.swift */; };
		683187C61AE2C95F0065AE21 /* Main.storyboard in Resources */ = {isa = PBXBuildFile; fileRef = 683187C41AE2C95F0065AE21 /* Main.storyboard */; };
		683187C81AE2C95F0065AE21 /* Images.xcassets in Resources */ = {isa = PBXBuildFile; fileRef = 683187C71AE2C95F0065AE21 /* Images.xcassets */; };
		683187CB1AE2C95F0065AE21 /* LaunchScreen.xib in Resources */ = {isa = PBXBuildFile; fileRef = 683187C91AE2C95F0065AE21 /* LaunchScreen.xib */; };
		683187D71AE2C95F0065AE21 /* CodrBETests.swift in Sources */ = {isa = PBXBuildFile; fileRef = 683187D61AE2C95F0065AE21 /* CodrBETests.swift */; };
		683187E11AE2C9CD0065AE21 /* MainVC.swift in Sources */ = {isa = PBXBuildFile; fileRef = 683187E01AE2C9CD0065AE21 /* MainVC.swift */; };
		683187E31AE2CCEC0065AE21 /* CodrJSON.swift in Sources */ = {isa = PBXBuildFile; fileRef = 683187E21AE2CCEC0065AE21 /* CodrJSON.swift */; };
		683187E51AE2E1480065AE21 /* SwiftyJSON.swift in Sources */ = {isa = PBXBuildFile; fileRef = 683187E41AE2E1480065AE21 /* SwiftyJSON.swift */; };
		683187E71AE2F8410065AE21 /* InterpreterJSON.swift in Sources */ = {isa = PBXBuildFile; fileRef = 683187E61AE2F8410065AE21 /* InterpreterJSON.swift */; };
		683187EA1AE300E80065AE21 /* rememberStmt.swift in Sources */ = {isa = PBXBuildFile; fileRef = 683187E91AE300E80065AE21 /* rememberStmt.swift */; };
		683187EC1AE3026C0065AE21 /* variableEnv.swift in Sources */ = {isa = PBXBuildFile; fileRef = 683187EB1AE3026C0065AE21 /* variableEnv.swift */; };
		683187F01AE314930065AE21 /* mathExpr.swift in Sources */ = {isa = PBXBuildFile; fileRef = 683187EF1AE314930065AE21 /* mathExpr.swift */; };
		6846777F1AF79E76007C6344 /* CodrCore.swift in Sources */ = {isa = PBXBuildFile; fileRef = 6846777E1AF79E76007C6344 /* CodrCore.swift */; };
		688C3FA71AE38B3B00280814 /* CodeViewVC.swift in Sources */ = {isa = PBXBuildFile; fileRef = 688C3FA61AE38B3B00280814 /* CodeViewVC.swift */; };
		688C3FA91AE3928900280814 /* RememberStatementVC.swift in Sources */ = {isa = PBXBuildFile; fileRef = 688C3FA81AE3928900280814 /* RememberStatementVC.swift */; };
		688C3FAB1AE3968700280814 /* LitExpressionVC.swift in Sources */ = {isa = PBXBuildFile; fileRef = 688C3FAA1AE3968700280814 /* LitExpressionVC.swift */; };
		688C3FAD1AE39A3F00280814 /* uxExpression.swift in Sources */ = {isa = PBXBuildFile; fileRef = 688C3FAC1AE39A3F00280814 /* uxExpression.swift */; };
		688C3FAF1AE39A7D00280814 /* uxLitExpression.swift in Sources */ = {isa = PBXBuildFile; fileRef = 688C3FAE1AE39A7D00280814 /* uxLitExpression.swift */; };
		688C3FB11AE39BB800280814 /* uxStatement.swift in Sources */ = {isa = PBXBuildFile; fileRef = 688C3FB01AE39BB800280814 /* uxStatement.swift */; };
		688C3FB31AE39BE000280814 /* uxRememberStatement.swift in Sources */ = {isa = PBXBuildFile; fileRef = 688C3FB21AE39BE000280814 /* uxRememberStatement.swift */; };
		688C3FB51AE3AAA400280814 /* RememberListTVC.swift in Sources */ = {isa = PBXBuildFile; fileRef = 688C3FB41AE3AAA400280814 /* RememberListTVC.swift */; };
		688C3FB71AE3ADD800280814 /* uxVarExpression.swift in Sources */ = {isa = PBXBuildFile; fileRef = 688C3FB61AE3ADD800280814 /* uxVarExpression.swift */; };
		688C3FBD1AE3B72600280814 /* GetExpressionTVC.swift in Sources */ = {isa = PBXBuildFile; fileRef = 688C3FBC1AE3B72600280814 /* GetExpressionTVC.swift */; };
		68A80C251AE329E500CCF729 /* boolExpr.swift in Sources */ = {isa = PBXBuildFile; fileRef = 68A80C241AE329E500CCF729 /* boolExpr.swift */; };
		68A80C271AE365B900CCF729 /* varExpr.swift in Sources */ = {isa = PBXBuildFile; fileRef = 68A80C261AE365B900CCF729 /* varExpr.swift */; };
		68A80C291AE366B000CCF729 /* litExpr.swift in Sources */ = {isa = PBXBuildFile; fileRef = 68A80C281AE366B000CCF729 /* litExpr.swift */; };
		68A80C2B1AE36AFA00CCF729 /* expression.swift in Sources */ = {isa = PBXBuildFile; fileRef = 68A80C2A1AE36AFA00CCF729 /* expression.swift */; };
/* End PBXBuildFile section */

/* Begin PBXContainerItemProxy section */
		683187D11AE2C95F0065AE21 /* PBXContainerItemProxy */ = {
			isa = PBXContainerItemProxy;
			containerPortal = 683187B31AE2C95F0065AE21 /* Project object */;
			proxyType = 1;
			remoteGlobalIDString = 683187BA1AE2C95F0065AE21;
			remoteInfo = CodrBE;
		};
/* End PBXContainerItemProxy section */

/* Begin PBXFileReference section */
		680E7CB71AE3E56900DFD06B /* uxPrintStatement.swift */ = {isa = PBXFileReference; fileEncoding = 4; lastKnownFileType = sourcecode.swift; path = uxPrintStatement.swift; sourceTree = "<group>"; };
		680E7CBB1AE3FC2D00DFD06B /* uxRememberSetStatement.swift */ = {isa = PBXFileReference; fileEncoding = 4; lastKnownFileType = sourcecode.swift; path = uxRememberSetStatement.swift; sourceTree = "<group>"; };
		680E7CBD1AE4048100DFD06B /* MathExpVC.swift */ = {isa = PBXFileReference; fileEncoding = 4; lastKnownFileType = sourcecode.swift; path = MathExpVC.swift; sourceTree = "<group>"; };
		680E7CBF1AE4076000DFD06B /* uxMathExpression.swift */ = {isa = PBXFileReference; fileEncoding = 4; lastKnownFileType = sourcecode.swift; path = uxMathExpression.swift; sourceTree = "<group>"; };
		68235F301B011FD600DB4F21 /* BooleanExpVC.swift */ = {isa = PBXFileReference; fileEncoding = 4; lastKnownFileType = sourcecode.swift; path = BooleanExpVC.swift; sourceTree = "<group>"; };
		68235F321B0122ED00DB4F21 /* uxBooleanExpression.swift */ = {isa = PBXFileReference; fileEncoding = 4; lastKnownFileType = sourcecode.swift; path = uxBooleanExpression.swift; sourceTree = "<group>"; };
		683187BB1AE2C95F0065AE21 /* CodrBE.app */ = {isa = PBXFileReference; explicitFileType = wrapper.application; includeInIndex = 0; path = CodrBE.app; sourceTree = BUILT_PRODUCTS_DIR; };
		683187BF1AE2C95F0065AE21 /* Info.plist */ = {isa = PBXFileReference; lastKnownFileType = text.plist.xml; path = Info.plist; sourceTree = "<group>"; };
		683187C01AE2C95F0065AE21 /* AppDelegate.swift */ = {isa = PBXFileReference; lastKnownFileType = sourcecode.swift; path = AppDelegate.swift; sourceTree = "<group>"; };
		683187C51AE2C95F0065AE21 /* Base */ = {isa = PBXFileReference; lastKnownFileType = file.storyboard; name = Base; path = Base.lproj/Main.storyboard; sourceTree = "<group>"; };
		683187C71AE2C95F0065AE21 /* Images.xcassets */ = {isa = PBXFileReference; lastKnownFileType = folder.assetcatalog; path = Images.xcassets; sourceTree = "<group>"; };
		683187CA1AE2C95F0065AE21 /* Base */ = {isa = PBXFileReference; lastKnownFileType = file.xib; name = Base; path = Base.lproj/LaunchScreen.xib; sourceTree = "<group>"; };
		683187D01AE2C95F0065AE21 /* CodrBETests.xctest */ = {isa = PBXFileReference; explicitFileType = wrapper.cfbundle; includeInIndex = 0; path = CodrBETests.xctest; sourceTree = BUILT_PRODUCTS_DIR; };
		683187D51AE2C95F0065AE21 /* Info.plist */ = {isa = PBXFileReference; lastKnownFileType = text.plist.xml; path = Info.plist; sourceTree = "<group>"; };
		683187D61AE2C95F0065AE21 /* CodrBETests.swift */ = {isa = PBXFileReference; lastKnownFileType = sourcecode.swift; path = CodrBETests.swift; sourceTree = "<group>"; };
		683187E01AE2C9CD0065AE21 /* MainVC.swift */ = {isa = PBXFileReference; fileEncoding = 4; lastKnownFileType = sourcecode.swift; path = MainVC.swift; sourceTree = "<group>"; };
		683187E21AE2CCEC0065AE21 /* CodrJSON.swift */ = {isa = PBXFileReference; fileEncoding = 4; lastKnownFileType = sourcecode.swift; path = CodrJSON.swift; sourceTree = "<group>"; };
		683187E41AE2E1480065AE21 /* SwiftyJSON.swift */ = {isa = PBXFileReference; fileEncoding = 4; lastKnownFileType = sourcecode.swift; path = SwiftyJSON.swift; sourceTree = "<group>"; };
		683187E61AE2F8410065AE21 /* InterpreterJSON.swift */ = {isa = PBXFileReference; fileEncoding = 4; lastKnownFileType = sourcecode.swift; path = InterpreterJSON.swift; sourceTree = "<group>"; };
		683187E91AE300E80065AE21 /* rememberStmt.swift */ = {isa = PBXFileReference; fileEncoding = 4; lastKnownFileType = sourcecode.swift; path = rememberStmt.swift; sourceTree = "<group>"; };
		683187EB1AE3026C0065AE21 /* variableEnv.swift */ = {isa = PBXFileReference; fileEncoding = 4; lastKnownFileType = sourcecode.swift; path = variableEnv.swift; sourceTree = "<group>"; };
		683187EF1AE314930065AE21 /* mathExpr.swift */ = {isa = PBXFileReference; fileEncoding = 4; lastKnownFileType = sourcecode.swift; path = mathExpr.swift; sourceTree = "<group>"; };
		6846777E1AF79E76007C6344 /* CodrCore.swift */ = {isa = PBXFileReference; fileEncoding = 4; lastKnownFileType = sourcecode.swift; path = CodrCore.swift; sourceTree = "<group>"; };
		688C3FA61AE38B3B00280814 /* CodeViewVC.swift */ = {isa = PBXFileReference; fileEncoding = 4; lastKnownFileType = sourcecode.swift; path = CodeViewVC.swift; sourceTree = "<group>"; };
		688C3FA81AE3928900280814 /* RememberStatementVC.swift */ = {isa = PBXFileReference; fileEncoding = 4; lastKnownFileType = sourcecode.swift; path = RememberStatementVC.swift; sourceTree = "<group>"; };
		688C3FAA1AE3968700280814 /* LitExpressionVC.swift */ = {isa = PBXFileReference; fileEncoding = 4; lastKnownFileType = sourcecode.swift; path = LitExpressionVC.swift; sourceTree = "<group>"; };
		688C3FAC1AE39A3F00280814 /* uxExpression.swift */ = {isa = PBXFileReference; fileEncoding = 4; lastKnownFileType = sourcecode.swift; path = uxExpression.swift; sourceTree = "<group>"; };
		688C3FAE1AE39A7D00280814 /* uxLitExpression.swift */ = {isa = PBXFileReference; fileEncoding = 4; lastKnownFileType = sourcecode.swift; path = uxLitExpression.swift; sourceTree = "<group>"; };
		688C3FB01AE39BB800280814 /* uxStatement.swift */ = {isa = PBXFileReference; fileEncoding = 4; lastKnownFileType = sourcecode.swift; path = uxStatement.swift; sourceTree = "<group>"; };
		688C3FB21AE39BE000280814 /* uxRememberStatement.swift */ = {isa = PBXFileReference; fileEncoding = 4; lastKnownFileType = sourcecode.swift; path = uxRememberStatement.swift; sourceTree = "<group>"; };
		688C3FB41AE3AAA400280814 /* RememberListTVC.swift */ = {isa = PBXFileReference; fileEncoding = 4; lastKnownFileType = sourcecode.swift; path = RememberListTVC.swift; sourceTree = "<group>"; };
		688C3FB61AE3ADD800280814 /* uxVarExpression.swift */ = {isa = PBXFileReference; fileEncoding = 4; lastKnownFileType = sourcecode.swift; path = uxVarExpression.swift; sourceTree = "<group>"; };
		688C3FBC1AE3B72600280814 /* GetExpressionTVC.swift */ = {isa = PBXFileReference; fileEncoding = 4; lastKnownFileType = sourcecode.swift; path = GetExpressionTVC.swift; sourceTree = "<group>"; };
		68A80C241AE329E500CCF729 /* boolExpr.swift */ = {isa = PBXFileReference; fileEncoding = 4; lastKnownFileType = sourcecode.swift; path = boolExpr.swift; sourceTree = "<group>"; };
		68A80C261AE365B900CCF729 /* varExpr.swift */ = {isa = PBXFileReference; fileEncoding = 4; lastKnownFileType = sourcecode.swift; path = varExpr.swift; sourceTree = "<group>"; };
		68A80C281AE366B000CCF729 /* litExpr.swift */ = {isa = PBXFileReference; fileEncoding = 4; lastKnownFileType = sourcecode.swift; path = litExpr.swift; sourceTree = "<group>"; };
		68A80C2A1AE36AFA00CCF729 /* expression.swift */ = {isa = PBXFileReference; fileEncoding = 4; lastKnownFileType = sourcecode.swift; path = expression.swift; sourceTree = "<group>"; };
/* End PBXFileReference section */

/* Begin PBXFrameworksBuildPhase section */
		683187B81AE2C95F0065AE21 /* Frameworks */ = {
			isa = PBXFrameworksBuildPhase;
			buildActionMask = 2147483647;
			files = (
			);
			runOnlyForDeploymentPostprocessing = 0;
		};
		683187CD1AE2C95F0065AE21 /* Frameworks */ = {
			isa = PBXFrameworksBuildPhase;
			buildActionMask = 2147483647;
			files = (
			);
			runOnlyForDeploymentPostprocessing = 0;
		};
/* End PBXFrameworksBuildPhase section */

/* Begin PBXGroup section */
		683187B21AE2C95F0065AE21 = {
			isa = PBXGroup;
			children = (
				683187BD1AE2C95F0065AE21 /* CodrBE */,
				683187D31AE2C95F0065AE21 /* CodrBETests */,
				683187BC1AE2C95F0065AE21 /* Products */,
			);
			sourceTree = "<group>";
		};
		683187BC1AE2C95F0065AE21 /* Products */ = {
			isa = PBXGroup;
			children = (
				683187BB1AE2C95F0065AE21 /* CodrBE.app */,
				683187D01AE2C95F0065AE21 /* CodrBETests.xctest */,
			);
			name = Products;
			sourceTree = "<group>";
		};
		683187BD1AE2C95F0065AE21 /* CodrBE */ = {
			isa = PBXGroup;
			children = (
				688C3FA51AE38B0E00280814 /* Interface Objects */,
				683187E81AE300B60065AE21 /* Language Objects */,
				683187C01AE2C95F0065AE21 /* AppDelegate.swift */,
				683187C71AE2C95F0065AE21 /* Images.xcassets */,
				683187C91AE2C95F0065AE21 /* LaunchScreen.xib */,
				683187BE1AE2C95F0065AE21 /* Supporting Files */,
			);
			path = CodrBE;
			sourceTree = "<group>";
		};
		683187BE1AE2C95F0065AE21 /* Supporting Files */ = {
			isa = PBXGroup;
			children = (
				683187BF1AE2C95F0065AE21 /* Info.plist */,
			);
			name = "Supporting Files";
			sourceTree = "<group>";
		};
		683187D31AE2C95F0065AE21 /* CodrBETests */ = {
			isa = PBXGroup;
			children = (
				683187D61AE2C95F0065AE21 /* CodrBETests.swift */,
				683187D41AE2C95F0065AE21 /* Supporting Files */,
			);
			path = CodrBETests;
			sourceTree = "<group>";
		};
		683187D41AE2C95F0065AE21 /* Supporting Files */ = {
			isa = PBXGroup;
			children = (
				683187D51AE2C95F0065AE21 /* Info.plist */,
			);
			name = "Supporting Files";
			sourceTree = "<group>";
		};
		683187E81AE300B60065AE21 /* Language Objects */ = {
			isa = PBXGroup;
			children = (
				683187E21AE2CCEC0065AE21 /* CodrJSON.swift */,
				683187E41AE2E1480065AE21 /* SwiftyJSON.swift */,
				683187E91AE300E80065AE21 /* rememberStmt.swift */,
				683187EB1AE3026C0065AE21 /* variableEnv.swift */,
				683187EF1AE314930065AE21 /* mathExpr.swift */,
				68A80C241AE329E500CCF729 /* boolExpr.swift */,
				68A80C261AE365B900CCF729 /* varExpr.swift */,
				68A80C281AE366B000CCF729 /* litExpr.swift */,
				683187E61AE2F8410065AE21 /* InterpreterJSON.swift */,
				68A80C2A1AE36AFA00CCF729 /* expression.swift */,
			);
			name = "Language Objects";
			sourceTree = "<group>";
		};
		6846777C1AF79D34007C6344 /* VCs */ = {
			isa = PBXGroup;
			children = (
				688C3FA61AE38B3B00280814 /* CodeViewVC.swift */,
				688C3FA81AE3928900280814 /* RememberStatementVC.swift */,
				688C3FB41AE3AAA400280814 /* RememberListTVC.swift */,
				688C3FAA1AE3968700280814 /* LitExpressionVC.swift */,
				680E7CBD1AE4048100DFD06B /* MathExpVC.swift */,
				68235F301B011FD600DB4F21 /* BooleanExpVC.swift */,
				688C3FBC1AE3B72600280814 /* GetExpressionTVC.swift */,
			);
			name = VCs;
			sourceTree = "<group>";
		};
		6846777D1AF79D61007C6344 /* Interface Language Object */ = {
			isa = PBXGroup;
			children = (
				680E7CBF1AE4076000DFD06B /* uxMathExpression.swift */,
				68235F321B0122ED00DB4F21 /* uxBooleanExpression.swift */,
				680E7CBB1AE3FC2D00DFD06B /* uxRememberSetStatement.swift */,
				688C3FB21AE39BE000280814 /* uxRememberStatement.swift */,
				680E7CB71AE3E56900DFD06B /* uxPrintStatement.swift */,
				688C3FB01AE39BB800280814 /* uxStatement.swift */,
				688C3FB61AE3ADD800280814 /* uxVarExpression.swift */,
				688C3FAE1AE39A7D00280814 /* uxLitExpression.swift */,
				688C3FAC1AE39A3F00280814 /* uxExpression.swift */,
				6846777E1AF79E76007C6344 /* CodrCore.swift */,
			);
			name = "Interface Language Object";
			sourceTree = "<group>";
		};
		688C3FA51AE38B0E00280814 /* Interface Objects */ = {
			isa = PBXGroup;
			children = (
				B89838141AEA9E88001F8C3C /* Globals */,
			);
			name = "Interface Objects";
			sourceTree = "<group>";
		};
		B89838141AEA9E88001F8C3C /* Globals */ = {
			isa = PBXGroup;
			children = (
				6846777D1AF79D61007C6344 /* Interface Language Object */,
				6846777C1AF79D34007C6344 /* VCs */,
				683187E01AE2C9CD0065AE21 /* MainVC.swift */,
				683187C41AE2C95F0065AE21 /* Main.storyboard */,
			);
			name = Globals;
			sourceTree = "<group>";
		};
/* End PBXGroup section */

/* Begin PBXNativeTarget section */
		683187BA1AE2C95F0065AE21 /* CodrBE */ = {
			isa = PBXNativeTarget;
			buildConfigurationList = 683187DA1AE2C95F0065AE21 /* Build configuration list for PBXNativeTarget "CodrBE" */;
			buildPhases = (
				683187B71AE2C95F0065AE21 /* Sources */,
				683187B81AE2C95F0065AE21 /* Frameworks */,
				683187B91AE2C95F0065AE21 /* Resources */,
			);
			buildRules = (
			);
			dependencies = (
			);
			name = CodrBE;
			productName = CodrBE;
			productReference = 683187BB1AE2C95F0065AE21 /* CodrBE.app */;
			productType = "com.apple.product-type.application";
		};
		683187CF1AE2C95F0065AE21 /* CodrBETests */ = {
			isa = PBXNativeTarget;
			buildConfigurationList = 683187DD1AE2C95F0065AE21 /* Build configuration list for PBXNativeTarget "CodrBETests" */;
			buildPhases = (
				683187CC1AE2C95F0065AE21 /* Sources */,
				683187CD1AE2C95F0065AE21 /* Frameworks */,
				683187CE1AE2C95F0065AE21 /* Resources */,
			);
			buildRules = (
			);
			dependencies = (
				683187D21AE2C95F0065AE21 /* PBXTargetDependency */,
			);
			name = CodrBETests;
			productName = CodrBETests;
			productReference = 683187D01AE2C95F0065AE21 /* CodrBETests.xctest */;
			productType = "com.apple.product-type.bundle.unit-test";
		};
/* End PBXNativeTarget section */

/* Begin PBXProject section */
		683187B31AE2C95F0065AE21 /* Project object */ = {
			isa = PBXProject;
			attributes = {
				LastUpgradeCheck = 0630;
				ORGANIZATIONNAME = awesomefat;
				TargetAttributes = {
					683187BA1AE2C95F0065AE21 = {
						CreatedOnToolsVersion = 6.3;
						DevelopmentTeam = 4X76CP793V;
					};
					683187CF1AE2C95F0065AE21 = {
						CreatedOnToolsVersion = 6.3;
						TestTargetID = 683187BA1AE2C95F0065AE21;
					};
				};
			};
			buildConfigurationList = 683187B61AE2C95F0065AE21 /* Build configuration list for PBXProject "CodrBE" */;
			compatibilityVersion = "Xcode 3.2";
			developmentRegion = English;
			hasScannedForEncodings = 0;
			knownRegions = (
				en,
				Base,
			);
			mainGroup = 683187B21AE2C95F0065AE21;
			productRefGroup = 683187BC1AE2C95F0065AE21 /* Products */;
			projectDirPath = "";
			projectRoot = "";
			targets = (
				683187BA1AE2C95F0065AE21 /* CodrBE */,
				683187CF1AE2C95F0065AE21 /* CodrBETests */,
			);
		};
/* End PBXProject section */

/* Begin PBXResourcesBuildPhase section */
		683187B91AE2C95F0065AE21 /* Resources */ = {
			isa = PBXResourcesBuildPhase;
			buildActionMask = 2147483647;
			files = (
				683187C61AE2C95F0065AE21 /* Main.storyboard in Resources */,
				683187CB1AE2C95F0065AE21 /* LaunchScreen.xib in Resources */,
				683187C81AE2C95F0065AE21 /* Images.xcassets in Resources */,
			);
			runOnlyForDeploymentPostprocessing = 0;
		};
		683187CE1AE2C95F0065AE21 /* Resources */ = {
			isa = PBXResourcesBuildPhase;
			buildActionMask = 2147483647;
			files = (
			);
			runOnlyForDeploymentPostprocessing = 0;
		};
/* End PBXResourcesBuildPhase section */

/* Begin PBXSourcesBuildPhase section */
		683187B71AE2C95F0065AE21 /* Sources */ = {
			isa = PBXSourcesBuildPhase;
			buildActionMask = 2147483647;
			files = (
				680E7CC01AE4076000DFD06B /* uxMathExpression.swift in Sources */,
				68235F331B0122ED00DB4F21 /* uxBooleanExpression.swift in Sources */,
				688C3FB31AE39BE000280814 /* uxRememberStatement.swift in Sources */,
				683187EC1AE3026C0065AE21 /* variableEnv.swift in Sources */,
				688C3FB71AE3ADD800280814 /* uxVarExpression.swift in Sources */,
				683187C11AE2C95F0065AE21 /* AppDelegate.swift in Sources */,
				683187F01AE314930065AE21 /* mathExpr.swift in Sources */,
				688C3FB51AE3AAA400280814 /* RememberListTVC.swift in Sources */,
				683187E11AE2C9CD0065AE21 /* MainVC.swift in Sources */,
				68A80C271AE365B900CCF729 /* varExpr.swift in Sources */,
				68A80C251AE329E500CCF729 /* boolExpr.swift in Sources */,
				6846777F1AF79E76007C6344 /* CodrCore.swift in Sources */,
				688C3FAF1AE39A7D00280814 /* uxLitExpression.swift in Sources */,
				683187E31AE2CCEC0065AE21 /* CodrJSON.swift in Sources */,
				688C3FB11AE39BB800280814 /* uxStatement.swift in Sources */,
				688C3FA91AE3928900280814 /* RememberStatementVC.swift in Sources */,
				683187E51AE2E1480065AE21 /* SwiftyJSON.swift in Sources */,
				680E7CB81AE3E56900DFD06B /* uxPrintStatement.swift in Sources */,
				68A80C291AE366B000CCF729 /* litExpr.swift in Sources */,
				688C3FAD1AE39A3F00280814 /* uxExpression.swift in Sources */,
				68235F311B011FD600DB4F21 /* BooleanExpVC.swift in Sources */,
				688C3FAB1AE3968700280814 /* LitExpressionVC.swift in Sources */,
				683187EA1AE300E80065AE21 /* rememberStmt.swift in Sources */,
				688C3FBD1AE3B72600280814 /* GetExpressionTVC.swift in Sources */,
				680E7CBC1AE3FC2D00DFD06B /* uxRememberSetStatement.swift in Sources */,
				683187E71AE2F8410065AE21 /* InterpreterJSON.swift in Sources */,
				68A80C2B1AE36AFA00CCF729 /* expression.swift in Sources */,
				680E7CBE1AE4048100DFD06B /* MathExpVC.swift in Sources */,
				688C3FA71AE38B3B00280814 /* CodeViewVC.swift in Sources */,
			);
			runOnlyForDeploymentPostprocessing = 0;
		};
		683187CC1AE2C95F0065AE21 /* Sources */ = {
			isa = PBXSourcesBuildPhase;
			buildActionMask = 2147483647;
			files = (
				683187D71AE2C95F0065AE21 /* CodrBETests.swift in Sources */,
			);
			runOnlyForDeploymentPostprocessing = 0;
		};
/* End PBXSourcesBuildPhase section */

/* Begin PBXTargetDependency section */
		683187D21AE2C95F0065AE21 /* PBXTargetDependency */ = {
			isa = PBXTargetDependency;
			target = 683187BA1AE2C95F0065AE21 /* CodrBE */;
			targetProxy = 683187D11AE2C95F0065AE21 /* PBXContainerItemProxy */;
		};
/* End PBXTargetDependency section */

/* Begin PBXVariantGroup section */
		683187C41AE2C95F0065AE21 /* Main.storyboard */ = {
			isa = PBXVariantGroup;
			children = (
				683187C51AE2C95F0065AE21 /* Base */,
			);
			name = Main.storyboard;
			sourceTree = "<group>";
		};
		683187C91AE2C95F0065AE21 /* LaunchScreen.xib */ = {
			isa = PBXVariantGroup;
			children = (
				683187CA1AE2C95F0065AE21 /* Base */,
			);
			name = LaunchScreen.xib;
			sourceTree = "<group>";
		};
/* End PBXVariantGroup section */

/* Begin XCBuildConfiguration section */
		683187D81AE2C95F0065AE21 /* Debug */ = {
			isa = XCBuildConfiguration;
			buildSettings = {
				ALWAYS_SEARCH_USER_PATHS = NO;
				CLANG_CXX_LANGUAGE_STANDARD = "gnu++0x";
				CLANG_CXX_LIBRARY = "libc++";
				CLANG_ENABLE_MODULES = YES;
				CLANG_ENABLE_OBJC_ARC = YES;
				CLANG_WARN_BOOL_CONVERSION = YES;
				CLANG_WARN_CONSTANT_CONVERSION = YES;
				CLANG_WARN_DIRECT_OBJC_ISA_USAGE = YES_ERROR;
				CLANG_WARN_EMPTY_BODY = YES;
				CLANG_WARN_ENUM_CONVERSION = YES;
				CLANG_WARN_INT_CONVERSION = YES;
				CLANG_WARN_OBJC_ROOT_CLASS = YES_ERROR;
				CLANG_WARN_UNREACHABLE_CODE = YES;
				CLANG_WARN__DUPLICATE_METHOD_MATCH = YES;
				"CODE_SIGN_IDENTITY[sdk=iphoneos*]" = "iPhone Developer";
				COPY_PHASE_STRIP = NO;
				DEBUG_INFORMATION_FORMAT = "dwarf-with-dsym";
				ENABLE_STRICT_OBJC_MSGSEND = YES;
				GCC_C_LANGUAGE_STANDARD = gnu99;
				GCC_DYNAMIC_NO_PIC = NO;
				GCC_NO_COMMON_BLOCKS = YES;
				GCC_OPTIMIZATION_LEVEL = 0;
				GCC_PREPROCESSOR_DEFINITIONS = (
					"DEBUG=1",
					"$(inherited)",
				);
				GCC_SYMBOLS_PRIVATE_EXTERN = NO;
				GCC_WARN_64_TO_32_BIT_CONVERSION = YES;
				GCC_WARN_ABOUT_RETURN_TYPE = YES_ERROR;
				GCC_WARN_UNDECLARED_SELECTOR = YES;
				GCC_WARN_UNINITIALIZED_AUTOS = YES_AGGRESSIVE;
				GCC_WARN_UNUSED_FUNCTION = YES;
				GCC_WARN_UNUSED_VARIABLE = YES;
				IPHONEOS_DEPLOYMENT_TARGET = 8.3;
				MTL_ENABLE_DEBUG_INFO = YES;
				ONLY_ACTIVE_ARCH = YES;
				SDKROOT = iphoneos;
				SWIFT_OPTIMIZATION_LEVEL = "-Onone";
			};
			name = Debug;
		};
		683187D91AE2C95F0065AE21 /* Release */ = {
			isa = XCBuildConfiguration;
			buildSettings = {
				ALWAYS_SEARCH_USER_PATHS = NO;
				CLANG_CXX_LANGUAGE_STANDARD = "gnu++0x";
				CLANG_CXX_LIBRARY = "libc++";
				CLANG_ENABLE_MODULES = YES;
				CLANG_ENABLE_OBJC_ARC = YES;
				CLANG_WARN_BOOL_CONVERSION = YES;
				CLANG_WARN_CONSTANT_CONVERSION = YES;
				CLANG_WARN_DIRECT_OBJC_ISA_USAGE = YES_ERROR;
				CLANG_WARN_EMPTY_BODY = YES;
				CLANG_WARN_ENUM_CONVERSION = YES;
				CLANG_WARN_INT_CONVERSION = YES;
				CLANG_WARN_OBJC_ROOT_CLASS = YES_ERROR;
				CLANG_WARN_UNREACHABLE_CODE = YES;
				CLANG_WARN__DUPLICATE_METHOD_MATCH = YES;
				"CODE_SIGN_IDENTITY[sdk=iphoneos*]" = "iPhone Developer";
				COPY_PHASE_STRIP = NO;
				DEBUG_INFORMATION_FORMAT = "dwarf-with-dsym";
				ENABLE_NS_ASSERTIONS = NO;
				ENABLE_STRICT_OBJC_MSGSEND = YES;
				GCC_C_LANGUAGE_STANDARD = gnu99;
				GCC_NO_COMMON_BLOCKS = YES;
				GCC_WARN_64_TO_32_BIT_CONVERSION = YES;
				GCC_WARN_ABOUT_RETURN_TYPE = YES_ERROR;
				GCC_WARN_UNDECLARED_SELECTOR = YES;
				GCC_WARN_UNINITIALIZED_AUTOS = YES_AGGRESSIVE;
				GCC_WARN_UNUSED_FUNCTION = YES;
				GCC_WARN_UNUSED_VARIABLE = YES;
				IPHONEOS_DEPLOYMENT_TARGET = 8.3;
				MTL_ENABLE_DEBUG_INFO = NO;
				SDKROOT = iphoneos;
				VALIDATE_PRODUCT = YES;
			};
			name = Release;
		};
		683187DB1AE2C95F0065AE21 /* Debug */ = {
			isa = XCBuildConfiguration;
			buildSettings = {
				ASSETCATALOG_COMPILER_APPICON_NAME = AppIcon;
				CODE_SIGN_IDENTITY = "iPhone Developer";
				"CODE_SIGN_IDENTITY[sdk=iphoneos*]" = "iPhone Developer";
				INFOPLIST_FILE = CodrBE/Info.plist;
				LD_RUNPATH_SEARCH_PATHS = "$(inherited) @executable_path/Frameworks";
				PRODUCT_NAME = "$(TARGET_NAME)";
				PROVISIONING_PROFILE = "";
			};
			name = Debug;
		};
		683187DC1AE2C95F0065AE21 /* Release */ = {
			isa = XCBuildConfiguration;
			buildSettings = {
				ASSETCATALOG_COMPILER_APPICON_NAME = AppIcon;
				CODE_SIGN_IDENTITY = "iPhone Developer";
				"CODE_SIGN_IDENTITY[sdk=iphoneos*]" = "iPhone Developer";
				INFOPLIST_FILE = CodrBE/Info.plist;
				LD_RUNPATH_SEARCH_PATHS = "$(inherited) @executable_path/Frameworks";
				PRODUCT_NAME = "$(TARGET_NAME)";
				PROVISIONING_PROFILE = "";
			};
			name = Release;
		};
		683187DE1AE2C95F0065AE21 /* Debug */ = {
			isa = XCBuildConfiguration;
			buildSettings = {
				BUNDLE_LOADER = "$(TEST_HOST)";
				FRAMEWORK_SEARCH_PATHS = (
					"$(SDKROOT)/Developer/Library/Frameworks",
					"$(inherited)",
				);
				GCC_PREPROCESSOR_DEFINITIONS = (
					"DEBUG=1",
					"$(inherited)",
				);
				INFOPLIST_FILE = CodrBETests/Info.plist;
				LD_RUNPATH_SEARCH_PATHS = "$(inherited) @executable_path/Frameworks @loader_path/Frameworks";
				PRODUCT_NAME = "$(TARGET_NAME)";
				TEST_HOST = "$(BUILT_PRODUCTS_DIR)/CodrBE.app/CodrBE";
			};
			name = Debug;
		};
		683187DF1AE2C95F0065AE21 /* Release */ = {
			isa = XCBuildConfiguration;
			buildSettings = {
				BUNDLE_LOADER = "$(TEST_HOST)";
				FRAMEWORK_SEARCH_PATHS = (
					"$(SDKROOT)/Developer/Library/Frameworks",
					"$(inherited)",
				);
				INFOPLIST_FILE = CodrBETests/Info.plist;
				LD_RUNPATH_SEARCH_PATHS = "$(inherited) @executable_path/Frameworks @loader_path/Frameworks";
				PRODUCT_NAME = "$(TARGET_NAME)";
				TEST_HOST = "$(BUILT_PRODUCTS_DIR)/CodrBE.app/CodrBE";
			};
			name = Release;
		};
/* End XCBuildConfiguration section */

/* Begin XCConfigurationList section */
		683187B61AE2C95F0065AE21 /* Build configuration list for PBXProject "CodrBE" */ = {
			isa = XCConfigurationList;
			buildConfigurations = (
				683187D81AE2C95F0065AE21 /* Debug */,
				683187D91AE2C95F0065AE21 /* Release */,
			);
			defaultConfigurationIsVisible = 0;
			defaultConfigurationName = Release;
		};
		683187DA1AE2C95F0065AE21 /* Build configuration list for PBXNativeTarget "CodrBE" */ = {
			isa = XCConfigurationList;
			buildConfigurations = (
				683187DB1AE2C95F0065AE21 /* Debug */,
				683187DC1AE2C95F0065AE21 /* Release */,
			);
			defaultConfigurationIsVisible = 0;
			defaultConfigurationName = Release;
		};
		683187DD1AE2C95F0065AE21 /* Build configuration list for PBXNativeTarget "CodrBETests" */ = {
			isa = XCConfigurationList;
			buildConfigurations = (
				683187DE1AE2C95F0065AE21 /* Debug */,
				683187DF1AE2C95F0065AE21 /* Release */,
			);
			defaultConfigurationIsVisible = 0;
			defaultConfigurationName = Release;
		};
/* End XCConfigurationList section */
	};
	rootObject = 683187B31AE2C95F0065AE21 /* Project object */;
}
